// !$*UTF8*$!
{
	archiveVersion = 1;
	classes = {
	};
	objectVersion = 48;
	objects = {

/* Begin PBXBuildFile section */
		3D19E31EADD423F53799CFC3 /* Pods_Umbala_Interview_Test.framework in Frameworks */ = {isa = PBXBuildFile; fileRef = 9A876E7698EA0CF4DAB8EC07 /* Pods_Umbala_Interview_Test.framework */; };
		F3DC5B5A2080DA1F001551DC /* AppDelegate.swift in Sources */ = {isa = PBXBuildFile; fileRef = F3DC5B592080DA1F001551DC /* AppDelegate.swift */; };
		F3DC5B642080DA20001551DC /* Assets.xcassets in Resources */ = {isa = PBXBuildFile; fileRef = F3DC5B632080DA20001551DC /* Assets.xcassets */; };
		F3DC5B672080DA20001551DC /* LaunchScreen.storyboard in Resources */ = {isa = PBXBuildFile; fileRef = F3DC5B652080DA20001551DC /* LaunchScreen.storyboard */; };
		F3DC5B752080DBEE001551DC /* Constants.swift in Sources */ = {isa = PBXBuildFile; fileRef = F3DC5B742080DBEE001551DC /* Constants.swift */; };
		F3DC5B772080DC04001551DC /* InstagramApi.swift in Sources */ = {isa = PBXBuildFile; fileRef = F3DC5B762080DC04001551DC /* InstagramApi.swift */; };
		F3DC5B792080DC1C001551DC /* UIViewControllerExtension.swift in Sources */ = {isa = PBXBuildFile; fileRef = F3DC5B782080DC1C001551DC /* UIViewControllerExtension.swift */; };
		F3DC5B7B2080DC43001551DC /* UserAuthManager.swift in Sources */ = {isa = PBXBuildFile; fileRef = F3DC5B7A2080DC43001551DC /* UserAuthManager.swift */; };
		F3DC5B7D2080DC56001551DC /* PopupManager.swift in Sources */ = {isa = PBXBuildFile; fileRef = F3DC5B7C2080DC56001551DC /* PopupManager.swift */; };
		F3DC5B7F2080DC72001551DC /* UIImageViewExtension.swift in Sources */ = {isa = PBXBuildFile; fileRef = F3DC5B7E2080DC72001551DC /* UIImageViewExtension.swift */; };
		F3DC5B822080DC8D001551DC /* ArrayExtension.swift in Sources */ = {isa = PBXBuildFile; fileRef = F3DC5B812080DC8D001551DC /* ArrayExtension.swift */; };
		F3DC5B842080DCB9001551DC /* InstagarmRelationship.swift in Sources */ = {isa = PBXBuildFile; fileRef = F3DC5B832080DCB9001551DC /* InstagarmRelationship.swift */; };
		F3DC5B862080DCC9001551DC /* InstagramRelationshipType.swift in Sources */ = {isa = PBXBuildFile; fileRef = F3DC5B852080DCC9001551DC /* InstagramRelationshipType.swift */; };
		F3DC5B882080DCDA001551DC /* InstagramUserInfo.swift in Sources */ = {isa = PBXBuildFile; fileRef = F3DC5B872080DCDA001551DC /* InstagramUserInfo.swift */; };
		F3DC5B8A2080DCF4001551DC /* LoginViewController.swift in Sources */ = {isa = PBXBuildFile; fileRef = F3DC5B892080DCF4001551DC /* LoginViewController.swift */; };
		F3DC5B8C2080DD08001551DC /* WelcomeViewController.swift in Sources */ = {isa = PBXBuildFile; fileRef = F3DC5B8B2080DD08001551DC /* WelcomeViewController.swift */; };
		F3DC5B8E2080DD64001551DC /* FollowingViewController.swift in Sources */ = {isa = PBXBuildFile; fileRef = F3DC5B8D2080DD64001551DC /* FollowingViewController.swift */; };
		F3DC5B902080DE75001551DC /* UmbalaInterviewTestViewController.swift in Sources */ = {isa = PBXBuildFile; fileRef = F3DC5B8F2080DE75001551DC /* UmbalaInterviewTestViewController.swift */; };
		F3DC5B932080E9BB001551DC /* Elevator.swift in Sources */ = {isa = PBXBuildFile; fileRef = F3DC5B922080E9BB001551DC /* Elevator.swift */; };
		F3DC5B952080E9D4001551DC /* ElevatorRequest.swift in Sources */ = {isa = PBXBuildFile; fileRef = F3DC5B942080E9D4001551DC /* ElevatorRequest.swift */; };
		F3DC5B972080E9E8001551DC /* ElevatorViewController.swift in Sources */ = {isa = PBXBuildFile; fileRef = F3DC5B962080E9E8001551DC /* ElevatorViewController.swift */; };
		F3DC5B992080EA00001551DC /* SetupElevatorViewController.swift in Sources */ = {isa = PBXBuildFile; fileRef = F3DC5B982080EA00001551DC /* SetupElevatorViewController.swift */; };
		F3DC5B9B2080EB34001551DC /* MatrixRotationViewController.swift in Sources */ = {isa = PBXBuildFile; fileRef = F3DC5B9A2080EB34001551DC /* MatrixRotationViewController.swift */; };
/* End PBXBuildFile section */

/* Begin PBXFileReference section */
		50E050CC808B49681A9517CD /* Pods-Umbala-Interview-Test.debug.xcconfig */ = {isa = PBXFileReference; includeInIndex = 1; lastKnownFileType = text.xcconfig; name = "Pods-Umbala-Interview-Test.debug.xcconfig"; path = "Pods/Target Support Files/Pods-Umbala-Interview-Test/Pods-Umbala-Interview-Test.debug.xcconfig"; sourceTree = "<group>"; };
		6E355CA8DE849748B03789F4 /* Pods-Umbala-Interview-Test.release.xcconfig */ = {isa = PBXFileReference; includeInIndex = 1; lastKnownFileType = text.xcconfig; name = "Pods-Umbala-Interview-Test.release.xcconfig"; path = "Pods/Target Support Files/Pods-Umbala-Interview-Test/Pods-Umbala-Interview-Test.release.xcconfig"; sourceTree = "<group>"; };
		9A876E7698EA0CF4DAB8EC07 /* Pods_Umbala_Interview_Test.framework */ = {isa = PBXFileReference; explicitFileType = wrapper.framework; includeInIndex = 0; path = Pods_Umbala_Interview_Test.framework; sourceTree = BUILT_PRODUCTS_DIR; };
		F3DC5B562080DA1F001551DC /* Umbala-Interview-Test.app */ = {isa = PBXFileReference; explicitFileType = wrapper.application; includeInIndex = 0; path = "Umbala-Interview-Test.app"; sourceTree = BUILT_PRODUCTS_DIR; };
		F3DC5B592080DA1F001551DC /* AppDelegate.swift */ = {isa = PBXFileReference; lastKnownFileType = sourcecode.swift; path = AppDelegate.swift; sourceTree = "<group>"; };
		F3DC5B632080DA20001551DC /* Assets.xcassets */ = {isa = PBXFileReference; lastKnownFileType = folder.assetcatalog; path = Assets.xcassets; sourceTree = "<group>"; };
		F3DC5B662080DA20001551DC /* Base */ = {isa = PBXFileReference; lastKnownFileType = file.storyboard; name = Base; path = Base.lproj/LaunchScreen.storyboard; sourceTree = "<group>"; };
		F3DC5B682080DA20001551DC /* Info.plist */ = {isa = PBXFileReference; lastKnownFileType = text.plist.xml; path = Info.plist; sourceTree = "<group>"; };
		F3DC5B742080DBEE001551DC /* Constants.swift */ = {isa = PBXFileReference; lastKnownFileType = sourcecode.swift; path = Constants.swift; sourceTree = "<group>"; };
		F3DC5B762080DC04001551DC /* InstagramApi.swift */ = {isa = PBXFileReference; lastKnownFileType = sourcecode.swift; path = InstagramApi.swift; sourceTree = "<group>"; };
		F3DC5B782080DC1C001551DC /* UIViewControllerExtension.swift */ = {isa = PBXFileReference; lastKnownFileType = sourcecode.swift; path = UIViewControllerExtension.swift; sourceTree = "<group>"; };
		F3DC5B7A2080DC43001551DC /* UserAuthManager.swift */ = {isa = PBXFileReference; lastKnownFileType = sourcecode.swift; path = UserAuthManager.swift; sourceTree = "<group>"; };
		F3DC5B7C2080DC56001551DC /* PopupManager.swift */ = {isa = PBXFileReference; lastKnownFileType = sourcecode.swift; path = PopupManager.swift; sourceTree = "<group>"; };
		F3DC5B7E2080DC72001551DC /* UIImageViewExtension.swift */ = {isa = PBXFileReference; lastKnownFileType = sourcecode.swift; path = UIImageViewExtension.swift; sourceTree = "<group>"; };
		F3DC5B812080DC8D001551DC /* ArrayExtension.swift */ = {isa = PBXFileReference; lastKnownFileType = sourcecode.swift; path = ArrayExtension.swift; sourceTree = "<group>"; };
		F3DC5B832080DCB9001551DC /* InstagarmRelationship.swift */ = {isa = PBXFileReference; lastKnownFileType = sourcecode.swift; path = InstagarmRelationship.swift; sourceTree = "<group>"; };
		F3DC5B852080DCC9001551DC /* InstagramRelationshipType.swift */ = {isa = PBXFileReference; lastKnownFileType = sourcecode.swift; path = InstagramRelationshipType.swift; sourceTree = "<group>"; };
		F3DC5B872080DCDA001551DC /* InstagramUserInfo.swift */ = {isa = PBXFileReference; lastKnownFileType = sourcecode.swift; path = InstagramUserInfo.swift; sourceTree = "<group>"; };
		F3DC5B892080DCF4001551DC /* LoginViewController.swift */ = {isa = PBXFileReference; lastKnownFileType = sourcecode.swift; path = LoginViewController.swift; sourceTree = "<group>"; };
		F3DC5B8B2080DD08001551DC /* WelcomeViewController.swift */ = {isa = PBXFileReference; lastKnownFileType = sourcecode.swift; path = WelcomeViewController.swift; sourceTree = "<group>"; };
		F3DC5B8D2080DD64001551DC /* FollowingViewController.swift */ = {isa = PBXFileReference; lastKnownFileType = sourcecode.swift; path = FollowingViewController.swift; sourceTree = "<group>"; };
		F3DC5B8F2080DE75001551DC /* UmbalaInterviewTestViewController.swift */ = {isa = PBXFileReference; lastKnownFileType = sourcecode.swift; path = UmbalaInterviewTestViewController.swift; sourceTree = "<group>"; };
		F3DC5B922080E9BB001551DC /* Elevator.swift */ = {isa = PBXFileReference; lastKnownFileType = sourcecode.swift; path = Elevator.swift; sourceTree = "<group>"; };
		F3DC5B942080E9D4001551DC /* ElevatorRequest.swift */ = {isa = PBXFileReference; lastKnownFileType = sourcecode.swift; path = ElevatorRequest.swift; sourceTree = "<group>"; };
		F3DC5B962080E9E8001551DC /* ElevatorViewController.swift */ = {isa = PBXFileReference; lastKnownFileType = sourcecode.swift; path = ElevatorViewController.swift; sourceTree = "<group>"; };
		F3DC5B982080EA00001551DC /* SetupElevatorViewController.swift */ = {isa = PBXFileReference; lastKnownFileType = sourcecode.swift; path = SetupElevatorViewController.swift; sourceTree = "<group>"; };
		F3DC5B9A2080EB34001551DC /* MatrixRotationViewController.swift */ = {isa = PBXFileReference; lastKnownFileType = sourcecode.swift; path = MatrixRotationViewController.swift; sourceTree = "<group>"; };
/* End PBXFileReference section */

/* Begin PBXFrameworksBuildPhase section */
		F3DC5B532080DA1F001551DC /* Frameworks */ = {
			isa = PBXFrameworksBuildPhase;
			buildActionMask = 2147483647;
			files = (
				3D19E31EADD423F53799CFC3 /* Pods_Umbala_Interview_Test.framework in Frameworks */,
			);
			runOnlyForDeploymentPostprocessing = 0;
		};
/* End PBXFrameworksBuildPhase section */

/* Begin PBXGroup section */
		47250A7CC0595BFF9B901DC4 /* Frameworks */ = {
			isa = PBXGroup;
			children = (
				9A876E7698EA0CF4DAB8EC07 /* Pods_Umbala_Interview_Test.framework */,
			);
			name = Frameworks;
			sourceTree = "<group>";
		};
		AB5704FED858469FB87AAF31 /* Pods */ = {
			isa = PBXGroup;
			children = (
				50E050CC808B49681A9517CD /* Pods-Umbala-Interview-Test.debug.xcconfig */,
				6E355CA8DE849748B03789F4 /* Pods-Umbala-Interview-Test.release.xcconfig */,
			);
			name = Pods;
			sourceTree = "<group>";
		};
		F3DC5B4D2080DA1F001551DC = {
			isa = PBXGroup;
			children = (
				47250A7CC0595BFF9B901DC4 /* Frameworks */,
				AB5704FED858469FB87AAF31 /* Pods */,
				F3DC5B572080DA1F001551DC /* Products */,
				F3DC5B582080DA1F001551DC /* Umbala-Interview-Test */,
			);
			sourceTree = "<group>";
		};
		F3DC5B572080DA1F001551DC /* Products */ = {
			isa = PBXGroup;
			children = (
				F3DC5B562080DA1F001551DC /* Umbala-Interview-Test.app */,
			);
			name = Products;
			sourceTree = "<group>";
		};
		F3DC5B582080DA1F001551DC /* Umbala-Interview-Test */ = {
			isa = PBXGroup;
			children = (
				F3DC5B702080DBAD001551DC /* Instagram */,
				F3DC5B6F2080DB8F001551DC /* MatrixRotation */,
				F3DC5B6E2080DB89001551DC /* ElevatorSystem */,
				F3DC5B592080DA1F001551DC /* AppDelegate.swift */,
				F3DC5B632080DA20001551DC /* Assets.xcassets */,
				F3DC5B652080DA20001551DC /* LaunchScreen.storyboard */,
				F3DC5B682080DA20001551DC /* Info.plist */,
				F3DC5B8F2080DE75001551DC /* UmbalaInterviewTestViewController.swift */,
			);
			path = "Umbala-Interview-Test";
			sourceTree = "<group>";
		};
		F3DC5B6E2080DB89001551DC /* ElevatorSystem */ = {
			isa = PBXGroup;
			children = (
				F3DC5B912080E9B0001551DC /* Model */,
				F3DC5B962080E9E8001551DC /* ElevatorViewController.swift */,
				F3DC5B982080EA00001551DC /* SetupElevatorViewController.swift */,
			);
			path = ElevatorSystem;
			sourceTree = "<group>";
		};
		F3DC5B6F2080DB8F001551DC /* MatrixRotation */ = {
			isa = PBXGroup;
			children = (
				F3DC5B9A2080EB34001551DC /* MatrixRotationViewController.swift */,
			);
			path = MatrixRotation;
			sourceTree = "<group>";
		};
		F3DC5B702080DBAD001551DC /* Instagram */ = {
			isa = PBXGroup;
			children = (
				F3DC5B732080DBD8001551DC /* Helper */,
				F3DC5B722080DBD3001551DC /* Model */,
				F3DC5B712080DBCC001551DC /* ViewController */,
			);
			path = Instagram;
			sourceTree = "<group>";
		};
		F3DC5B712080DBCC001551DC /* ViewController */ = {
			isa = PBXGroup;
			children = (
				F3DC5B892080DCF4001551DC /* LoginViewController.swift */,
				F3DC5B8B2080DD08001551DC /* WelcomeViewController.swift */,
				F3DC5B8D2080DD64001551DC /* FollowingViewController.swift */,
			);
			path = ViewController;
			sourceTree = "<group>";
		};
		F3DC5B722080DBD3001551DC /* Model */ = {
			isa = PBXGroup;
			children = (
				F3DC5B832080DCB9001551DC /* InstagarmRelationship.swift */,
				F3DC5B852080DCC9001551DC /* InstagramRelationshipType.swift */,
				F3DC5B872080DCDA001551DC /* InstagramUserInfo.swift */,
			);
			path = Model;
			sourceTree = "<group>";
		};
		F3DC5B732080DBD8001551DC /* Helper */ = {
			isa = PBXGroup;
			children = (
				F3DC5B742080DBEE001551DC /* Constants.swift */,
				F3DC5B762080DC04001551DC /* InstagramApi.swift */,
				F3DC5B782080DC1C001551DC /* UIViewControllerExtension.swift */,
				F3DC5B7A2080DC43001551DC /* UserAuthManager.swift */,
				F3DC5B7C2080DC56001551DC /* PopupManager.swift */,
				F3DC5B7E2080DC72001551DC /* UIImageViewExtension.swift */,
				F3DC5B812080DC8D001551DC /* ArrayExtension.swift */,
			);
			path = Helper;
			sourceTree = "<group>";
		};
		F3DC5B912080E9B0001551DC /* Model */ = {
			isa = PBXGroup;
			children = (
				F3DC5B922080E9BB001551DC /* Elevator.swift */,
				F3DC5B942080E9D4001551DC /* ElevatorRequest.swift */,
			);
			path = Model;
			sourceTree = "<group>";
		};
/* End PBXGroup section */

/* Begin PBXNativeTarget section */
		F3DC5B552080DA1F001551DC /* Umbala-Interview-Test */ = {
			isa = PBXNativeTarget;
			buildConfigurationList = F3DC5B6B2080DA20001551DC /* Build configuration list for PBXNativeTarget "Umbala-Interview-Test" */;
			buildPhases = (
				22AEDC104B2DA36103E721CC /* [CP] Check Pods Manifest.lock */,
				F3DC5B522080DA1F001551DC /* Sources */,
				F3DC5B532080DA1F001551DC /* Frameworks */,
				F3DC5B542080DA1F001551DC /* Resources */,
				654C773D97990C21FB8526B8 /* [CP] Embed Pods Frameworks */,
				EA9C2A3A02BAE2A884335578 /* [CP] Copy Pods Resources */,
			);
			buildRules = (
			);
			dependencies = (
			);
			name = "Umbala-Interview-Test";
			productName = "Umbala-Interview-Test";
			productReference = F3DC5B562080DA1F001551DC /* Umbala-Interview-Test.app */;
			productType = "com.apple.product-type.application";
		};
/* End PBXNativeTarget section */

/* Begin PBXProject section */
		F3DC5B4E2080DA1F001551DC /* Project object */ = {
			isa = PBXProject;
			attributes = {
				LastSwiftUpdateCheck = 0920;
				LastUpgradeCheck = 0920;
				ORGANIZATIONNAME = "Uy Nguyen Van";
				TargetAttributes = {
					F3DC5B552080DA1F001551DC = {
						CreatedOnToolsVersion = 9.2;
						ProvisioningStyle = Automatic;
					};
				};
			};
			buildConfigurationList = F3DC5B512080DA1F001551DC /* Build configuration list for PBXProject "Umbala-Interview-Test" */;
			compatibilityVersion = "Xcode 8.0";
			developmentRegion = en;
			hasScannedForEncodings = 0;
			knownRegions = (
				en,
				Base,
			);
			mainGroup = F3DC5B4D2080DA1F001551DC;
			productRefGroup = F3DC5B572080DA1F001551DC /* Products */;
			projectDirPath = "";
			projectRoot = "";
			targets = (
				F3DC5B552080DA1F001551DC /* Umbala-Interview-Test */,
			);
		};
/* End PBXProject section */

/* Begin PBXResourcesBuildPhase section */
		F3DC5B542080DA1F001551DC /* Resources */ = {
			isa = PBXResourcesBuildPhase;
			buildActionMask = 2147483647;
			files = (
				F3DC5B672080DA20001551DC /* LaunchScreen.storyboard in Resources */,
				F3DC5B642080DA20001551DC /* Assets.xcassets in Resources */,
			);
			runOnlyForDeploymentPostprocessing = 0;
		};
/* End PBXResourcesBuildPhase section */

/* Begin PBXShellScriptBuildPhase section */
		22AEDC104B2DA36103E721CC /* [CP] Check Pods Manifest.lock */ = {
			isa = PBXShellScriptBuildPhase;
			buildActionMask = 2147483647;
			files = (
			);
			inputPaths = (
				"${PODS_PODFILE_DIR_PATH}/Podfile.lock",
				"${PODS_ROOT}/Manifest.lock",
			);
			name = "[CP] Check Pods Manifest.lock";
			outputPaths = (
				"$(DERIVED_FILE_DIR)/Pods-Umbala-Interview-Test-checkManifestLockResult.txt",
			);
			runOnlyForDeploymentPostprocessing = 0;
			shellPath = /bin/sh;
			shellScript = "diff \"${PODS_PODFILE_DIR_PATH}/Podfile.lock\" \"${PODS_ROOT}/Manifest.lock\" > /dev/null\nif [ $? != 0 ] ; then\n    # print error to STDERR\n    echo \"error: The sandbox is not in sync with the Podfile.lock. Run 'pod install' or update your CocoaPods installation.\" >&2\n    exit 1\nfi\n# This output is used by Xcode 'outputs' to avoid re-running this script phase.\necho \"SUCCESS\" > \"${SCRIPT_OUTPUT_FILE_0}\"\n";
			showEnvVarsInLog = 0;
		};
		654C773D97990C21FB8526B8 /* [CP] Embed Pods Frameworks */ = {
			isa = PBXShellScriptBuildPhase;
			buildActionMask = 2147483647;
			files = (
			);
			inputPaths = (
				"${SRCROOT}/Pods/Target Support Files/Pods-Umbala-Interview-Test/Pods-Umbala-Interview-Test-frameworks.sh",
				"${BUILT_PRODUCTS_DIR}/Alamofire/Alamofire.framework",
				"${BUILT_PRODUCTS_DIR}/SnapKit/SnapKit.framework",
			);
			name = "[CP] Embed Pods Frameworks";
			outputPaths = (
				"${TARGET_BUILD_DIR}/${FRAMEWORKS_FOLDER_PATH}/Alamofire.framework",
				"${TARGET_BUILD_DIR}/${FRAMEWORKS_FOLDER_PATH}/SnapKit.framework",
			);
			runOnlyForDeploymentPostprocessing = 0;
			shellPath = /bin/sh;
			shellScript = "\"${SRCROOT}/Pods/Target Support Files/Pods-Umbala-Interview-Test/Pods-Umbala-Interview-Test-frameworks.sh\"\n";
			showEnvVarsInLog = 0;
		};
		EA9C2A3A02BAE2A884335578 /* [CP] Copy Pods Resources */ = {
			isa = PBXShellScriptBuildPhase;
			buildActionMask = 2147483647;
			files = (
			);
			inputPaths = (
			);
			name = "[CP] Copy Pods Resources";
			outputPaths = (
			);
			runOnlyForDeploymentPostprocessing = 0;
			shellPath = /bin/sh;
			shellScript = "\"${SRCROOT}/Pods/Target Support Files/Pods-Umbala-Interview-Test/Pods-Umbala-Interview-Test-resources.sh\"\n";
			showEnvVarsInLog = 0;
		};
/* End PBXShellScriptBuildPhase section */

/* Begin PBXSourcesBuildPhase section */
		F3DC5B522080DA1F001551DC /* Sources */ = {
			isa = PBXSourcesBuildPhase;
			buildActionMask = 2147483647;
			files = (
				F3DC5B902080DE75001551DC /* UmbalaInterviewTestViewController.swift in Sources */,
				F3DC5B932080E9BB001551DC /* Elevator.swift in Sources */,
				F3DC5B8A2080DCF4001551DC /* LoginViewController.swift in Sources */,
				F3DC5B882080DCDA001551DC /* InstagramUserInfo.swift in Sources */,
				F3DC5B9B2080EB34001551DC /* MatrixRotationViewController.swift in Sources */,
				F3DC5B952080E9D4001551DC /* ElevatorRequest.swift in Sources */,
				F3DC5B992080EA00001551DC /* SetupElevatorViewController.swift in Sources */,
				F3DC5B7B2080DC43001551DC /* UserAuthManager.swift in Sources */,
				F3DC5B792080DC1C001551DC /* UIViewControllerExtension.swift in Sources */,
				F3DC5B8C2080DD08001551DC /* WelcomeViewController.swift in Sources */,
				F3DC5B7D2080DC56001551DC /* PopupManager.swift in Sources */,
				F3DC5B8E2080DD64001551DC /* FollowingViewController.swift in Sources */,
				F3DC5B972080E9E8001551DC /* ElevatorViewController.swift in Sources */,
				F3DC5B822080DC8D001551DC /* ArrayExtension.swift in Sources */,
				F3DC5B842080DCB9001551DC /* InstagarmRelationship.swift in Sources */,
				F3DC5B7F2080DC72001551DC /* UIImageViewExtension.swift in Sources */,
				F3DC5B862080DCC9001551DC /* InstagramRelationshipType.swift in Sources */,
				F3DC5B5A2080DA1F001551DC /* AppDelegate.swift in Sources */,
				F3DC5B772080DC04001551DC /* InstagramApi.swift in Sources */,
				F3DC5B752080DBEE001551DC /* Constants.swift in Sources */,
			);
			runOnlyForDeploymentPostprocessing = 0;
		};
/* End PBXSourcesBuildPhase section */

/* Begin PBXVariantGroup section */
		F3DC5B652080DA20001551DC /* LaunchScreen.storyboard */ = {
			isa = PBXVariantGroup;
			children = (
				F3DC5B662080DA20001551DC /* Base */,
			);
			name = LaunchScreen.storyboard;
			sourceTree = "<group>";
		};
/* End PBXVariantGroup section */

/* Begin XCBuildConfiguration section */
		F3DC5B692080DA20001551DC /* Debug */ = {
			isa = XCBuildConfiguration;
			buildSettings = {
				ALWAYS_SEARCH_USER_PATHS = NO;
				CLANG_ANALYZER_NONNULL = YES;
				CLANG_ANALYZER_NUMBER_OBJECT_CONVERSION = YES_AGGRESSIVE;
				CLANG_CXX_LANGUAGE_STANDARD = "gnu++14";
				CLANG_CXX_LIBRARY = "libc++";
				CLANG_ENABLE_MODULES = YES;
				CLANG_ENABLE_OBJC_ARC = YES;
				CLANG_WARN_BLOCK_CAPTURE_AUTORELEASING = YES;
				CLANG_WARN_BOOL_CONVERSION = YES;
				CLANG_WARN_COMMA = YES;
				CLANG_WARN_CONSTANT_CONVERSION = YES;
				CLANG_WARN_DIRECT_OBJC_ISA_USAGE = YES_ERROR;
				CLANG_WARN_DOCUMENTATION_COMMENTS = YES;
				CLANG_WARN_EMPTY_BODY = YES;
				CLANG_WARN_ENUM_CONVERSION = YES;
				CLANG_WARN_INFINITE_RECURSION = YES;
				CLANG_WARN_INT_CONVERSION = YES;
				CLANG_WARN_NON_LITERAL_NULL_CONVERSION = YES;
				CLANG_WARN_OBJC_LITERAL_CONVERSION = YES;
				CLANG_WARN_OBJC_ROOT_CLASS = YES_ERROR;
				CLANG_WARN_RANGE_LOOP_ANALYSIS = YES;
				CLANG_WARN_STRICT_PROTOTYPES = YES;
				CLANG_WARN_SUSPICIOUS_MOVE = YES;
				CLANG_WARN_UNGUARDED_AVAILABILITY = YES_AGGRESSIVE;
				CLANG_WARN_UNREACHABLE_CODE = YES;
				CLANG_WARN__DUPLICATE_METHOD_MATCH = YES;
				CODE_SIGN_IDENTITY = "iPhone Developer";
				COPY_PHASE_STRIP = NO;
				DEBUG_INFORMATION_FORMAT = dwarf;
				ENABLE_STRICT_OBJC_MSGSEND = YES;
				ENABLE_TESTABILITY = YES;
				GCC_C_LANGUAGE_STANDARD = gnu11;
				GCC_DYNAMIC_NO_PIC = NO;
				GCC_NO_COMMON_BLOCKS = YES;
				GCC_OPTIMIZATION_LEVEL = 0;
				GCC_PREPROCESSOR_DEFINITIONS = (
					"DEBUG=1",
					"$(inherited)",
				);
				GCC_WARN_64_TO_32_BIT_CONVERSION = YES;
				GCC_WARN_ABOUT_RETURN_TYPE = YES_ERROR;
				GCC_WARN_UNDECLARED_SELECTOR = YES;
				GCC_WARN_UNINITIALIZED_AUTOS = YES_AGGRESSIVE;
				GCC_WARN_UNUSED_FUNCTION = YES;
				GCC_WARN_UNUSED_VARIABLE = YES;
				IPHONEOS_DEPLOYMENT_TARGET = 11.2;
				MTL_ENABLE_DEBUG_INFO = YES;
				ONLY_ACTIVE_ARCH = YES;
				SDKROOT = iphoneos;
				SWIFT_ACTIVE_COMPILATION_CONDITIONS = DEBUG;
				SWIFT_OPTIMIZATION_LEVEL = "-Onone";
			};
			name = Debug;
		};
		F3DC5B6A2080DA20001551DC /* Release */ = {
			isa = XCBuildConfiguration;
			buildSettings = {
				ALWAYS_SEARCH_USER_PATHS = NO;
				CLANG_ANALYZER_NONNULL = YES;
				CLANG_ANALYZER_NUMBER_OBJECT_CONVERSION = YES_AGGRESSIVE;
				CLANG_CXX_LANGUAGE_STANDARD = "gnu++14";
				CLANG_CXX_LIBRARY = "libc++";
				CLANG_ENABLE_MODULES = YES;
				CLANG_ENABLE_OBJC_ARC = YES;
				CLANG_WARN_BLOCK_CAPTURE_AUTORELEASING = YES;
				CLANG_WARN_BOOL_CONVERSION = YES;
				CLANG_WARN_COMMA = YES;
				CLANG_WARN_CONSTANT_CONVERSION = YES;
				CLANG_WARN_DIRECT_OBJC_ISA_USAGE = YES_ERROR;
				CLANG_WARN_DOCUMENTATION_COMMENTS = YES;
				CLANG_WARN_EMPTY_BODY = YES;
				CLANG_WARN_ENUM_CONVERSION = YES;
				CLANG_WARN_INFINITE_RECURSION = YES;
				CLANG_WARN_INT_CONVERSION = YES;
				CLANG_WARN_NON_LITERAL_NULL_CONVERSION = YES;
				CLANG_WARN_OBJC_LITERAL_CONVERSION = YES;
				CLANG_WARN_OBJC_ROOT_CLASS = YES_ERROR;
				CLANG_WARN_RANGE_LOOP_ANALYSIS = YES;
				CLANG_WARN_STRICT_PROTOTYPES = YES;
				CLANG_WARN_SUSPICIOUS_MOVE = YES;
				CLANG_WARN_UNGUARDED_AVAILABILITY = YES_AGGRESSIVE;
				CLANG_WARN_UNREACHABLE_CODE = YES;
				CLANG_WARN__DUPLICATE_METHOD_MATCH = YES;
				CODE_SIGN_IDENTITY = "iPhone Developer";
				COPY_PHASE_STRIP = NO;
				DEBUG_INFORMATION_FORMAT = "dwarf-with-dsym";
				ENABLE_NS_ASSERTIONS = NO;
				ENABLE_STRICT_OBJC_MSGSEND = YES;
				GCC_C_LANGUAGE_STANDARD = gnu11;
				GCC_NO_COMMON_BLOCKS = YES;
				GCC_WARN_64_TO_32_BIT_CONVERSION = YES;
				GCC_WARN_ABOUT_RETURN_TYPE = YES_ERROR;
				GCC_WARN_UNDECLARED_SELECTOR = YES;
				GCC_WARN_UNINITIALIZED_AUTOS = YES_AGGRESSIVE;
				GCC_WARN_UNUSED_FUNCTION = YES;
				GCC_WARN_UNUSED_VARIABLE = YES;
				IPHONEOS_DEPLOYMENT_TARGET = 11.2;
				MTL_ENABLE_DEBUG_INFO = NO;
				SDKROOT = iphoneos;
				SWIFT_OPTIMIZATION_LEVEL = "-Owholemodule";
				VALIDATE_PRODUCT = YES;
			};
			name = Release;
		};
		F3DC5B6C2080DA20001551DC /* Debug */ = {
			isa = XCBuildConfiguration;
			baseConfigurationReference = 50E050CC808B49681A9517CD /* Pods-Umbala-Interview-Test.debug.xcconfig */;
			buildSettings = {
				ASSETCATALOG_COMPILER_APPICON_NAME = AppIcon;
				CODE_SIGN_STYLE = Automatic;
				DEVELOPMENT_TEAM = 9V343TGGME;
				INFOPLIST_FILE = "Umbala-Interview-Test/Info.plist";
				LD_RUNPATH_SEARCH_PATHS = "$(inherited) @executable_path/Frameworks";
				PRODUCT_BUNDLE_IDENTIFIER = "com.nguyenvanuyn96.Umbala-Interview-Test";
				PRODUCT_NAME = "$(TARGET_NAME)";
				SWIFT_VERSION = 4.0;
				TARGETED_DEVICE_FAMILY = "1,2";
			};
			name = Debug;
		};
		F3DC5B6D2080DA20001551DC /* Release */ = {
			isa = XCBuildConfiguration;
			baseConfigurationReference = 6E355CA8DE849748B03789F4 /* Pods-Umbala-Interview-Test.release.xcconfig */;
			buildSettings = {
				ASSETCATALOG_COMPILER_APPICON_NAME = AppIcon;
				CODE_SIGN_STYLE = Automatic;
				DEVELOPMENT_TEAM = 9V343TGGME;
				INFOPLIST_FILE = "Umbala-Interview-Test/Info.plist";
				LD_RUNPATH_SEARCH_PATHS = "$(inherited) @executable_path/Frameworks";
				PRODUCT_BUNDLE_IDENTIFIER = "com.nguyenvanuyn96.Umbala-Interview-Test";
				PRODUCT_NAME = "$(TARGET_NAME)";
				SWIFT_VERSION = 4.0;
				TARGETED_DEVICE_FAMILY = "1,2";
			};
			name = Release;
		};
/* End XCBuildConfiguration section */

/* Begin XCConfigurationList section */
		F3DC5B512080DA1F001551DC /* Build configuration list for PBXProject "Umbala-Interview-Test" */ = {
			isa = XCConfigurationList;
			buildConfigurations = (
				F3DC5B692080DA20001551DC /* Debug */,
				F3DC5B6A2080DA20001551DC /* Release */,
			);
			defaultConfigurationIsVisible = 0;
			defaultConfigurationName = Release;
		};
		F3DC5B6B2080DA20001551DC /* Build configuration list for PBXNativeTarget "Umbala-Interview-Test" */ = {
			isa = XCConfigurationList;
			buildConfigurations = (
				F3DC5B6C2080DA20001551DC /* Debug */,
				F3DC5B6D2080DA20001551DC /* Release */,
			);
			defaultConfigurationIsVisible = 0;
			defaultConfigurationName = Release;
		};
/* End XCConfigurationList section */
	};
	rootObject = F3DC5B4E2080DA1F001551DC /* Project object */;
}
